
Microsoft Visual Studio Solution File, Format Version 12.00
# Visual Studio Version 16
VisualStudioVersion = 16.0.810.11
MinimumVisualStudioVersion = 10.0.40219.1
Project("{FAE04EC0-301F-11D3-BF4B-00C04F79EFBC}") = "DotnetAzureB2C", "DotnetAzureB2C.csproj", "{0A2B4D3E-DE70-46D8-ACFB-CFB98C8DEF42}"
EndProject
Global
	GlobalSection(SolutionConfigurationPlatforms) = preSolution
		Debug|Any CPU = Debug|Any CPU
		Release|Any CPU = Release|Any CPU
	EndGlobalSection
	GlobalSection(ProjectConfigurationPlatforms) = postSolution
		{0A2B4D3E-DE70-46D8-ACFB-CFB98C8DEF42}.Debug|Any CPU.ActiveCfg = Debug|Any CPU
		{0A2B4D3E-DE70-46D8-ACFB-CFB98C8DEF42}.Debug|Any CPU.Build.0 = Debug|Any CPU
		{0A2B4D3E-DE70-46D8-ACFB-CFB98C8DEF42}.Release|Any CPU.ActiveCfg = Release|Any CPU
		{0A2B4D3E-DE70-46D8-ACFB-CFB98C8DEF42}.Release|Any CPU.Build.0 = Release|Any CPU
	EndGlobalSection
	GlobalSection(SolutionProperties) = preSolution
		HideSolutionNode = FALSE
	EndGlobalSection
	GlobalSection(ExtensibilityGlobals) = postSolution
		SolutionGuid = {52325224-FBC6-4A6C-8394-94B32867BF98}
	EndGlobalSection
EndGlobal
